schema: '2.0'
stages:
  data_collection:
    cmd: python /workspaces/Watre_test/src/data/data_collection.py
    deps:
    - path: src/data/data_collection.py
      hash: md5
      md5: 3d394d0cc121ea3fa147ab65cbdb3230
      size: 1927
    params:
      params.yaml:
        data_collection.test_size: 0.2
    outs:
    - path: data/raw
      hash: md5
      md5: 6943e655800134f51910892c621c7b98.dir
      size: 518984
      nfiles: 2
  pre_preprocessing:
    cmd: python /workspaces/Watre_test/src/data/data_prep.py
    deps:
    - path: data/raw
      hash: md5
      md5: 6943e655800134f51910892c621c7b98.dir
      size: 518984
      nfiles: 2
    - path: src/data/data_prep.py
      hash: md5
      md5: 395046431d9a8af14336c4159b727c36
      size: 1797
    outs:
    - path: data/processed
      hash: md5
      md5: 74c1d1d8cd67f1dc9154360eb2636b52.dir
      size: 543617
      nfiles: 2
  model_building:
    cmd: python /workspaces/Watre_test/src/model/model_building.py
    deps:
    - path: data/processed
      hash: md5
      md5: 74c1d1d8cd67f1dc9154360eb2636b52.dir
      size: 543617
      nfiles: 2
    - path: src/model/model_building.py
      hash: md5
      md5: 0421b59943113f067b51e42accdb4c22
      size: 1987
    params:
      params.yaml:
        model_building.n_estimators: 1000
    outs:
    - path: models/model.pkl
      hash: md5
      md5: 68a23a8a674920a07b03817749e30a48
      size: 73533702
  model_eval:
    cmd: python /workspaces/Watre_test/src/model/model_eval.py
    deps:
    - path: models/model.pkl
      hash: md5
      md5: 68a23a8a674920a07b03817749e30a48
      size: 73533702
    - path: src/model/model_eval.py
      hash: md5
      md5: c9aeed4677acb4107294d0d2bb01475c
      size: 4850
    outs:
    - path: reports/metrics.json
      hash: md5
      md5: e8902360e821e9defce0f7c59e156f61
      size: 145
    - path: reports/run_info.json
      hash: md5
      md5: 917b2d2932b7de13c0b7f497e9ba4946
      size: 84
  model_registration:
    cmd: python /workspaces/Watre_test/src/model/model_reg.py
    deps:
    - path: reports/run_info.json
      hash: md5
      md5: 917b2d2932b7de13c0b7f497e9ba4946
      size: 84
    - path: src/model/model_reg.py
      hash: md5
      md5: 3abf51fbdf4c1fe0b189e28db2ea004a
      size: 2316
